
Microsoft Visual Studio Solution File, Format Version 12.00
# Visual Studio Version 17
VisualStudioVersion = 17.10.35027.167
MinimumVisualStudioVersion = 10.0.40219.1
Project("{FAE04EC0-301F-11D3-BF4B-00C04F79EFBC}") = "CrocamedelianInsects", "CrocamedelianInsects\CrocamedelianInsects.csproj", "{F008AEE0-3657-4679-8621-16412252B979}"
EndProject
Global
	GlobalSection(SolutionConfigurationPlatforms) = preSolution
		Debug|Any CPU = Debug|Any CPU
		Release|Any CPU = Release|Any CPU
	EndGlobalSection
	GlobalSection(ProjectConfigurationPlatforms) = postSolution
		{F008AEE0-3657-4679-8621-16412252B979}.Debug|Any CPU.ActiveCfg = Debug|Any CPU
		{F008AEE0-3657-4679-8621-16412252B979}.Debug|Any CPU.Build.0 = Debug|Any CPU
		{F008AEE0-3657-4679-8621-16412252B979}.Release|Any CPU.ActiveCfg = Release|Any CPU
		{F008AEE0-3657-4679-8621-16412252B979}.Release|Any CPU.Build.0 = Release|Any CPU
	EndGlobalSection
	GlobalSection(SolutionProperties) = preSolution
		HideSolutionNode = FALSE
	EndGlobalSection
	GlobalSection(ExtensibilityGlobals) = postSolution
		SolutionGuid = {ABD7285A-6822-431A-AB3E-4B03F8CFE76D}
	EndGlobalSection
EndGlobal
